<?xml version="1.0" encoding="utf-8"?>
<Project ToolsVersion="4.0" xmlns="http://schemas.microsoft.com/developer/msbuild/2003">
  <ItemGroup>
    <Filter Include="Examples">
      <UniqueIdentifier>{ec068c5f-1503-46db-ac0d-168a3298681b}</UniqueIdentifier>
    </Filter>
    <Filter Include="imgui">
      <UniqueIdentifier>{0e569e84-6990-44f4-9d32-7979bbcc7a38}</UniqueIdentifier>
    </Filter>
  </ItemGroup>
  <ItemGroup>
    <ClCompile Include="main.cpp" />
    <ClCompile Include="simplegpusim.cpp" />
    <ClCompile Include="Camera.cpp" />
    <ClCompile Include="MathHelper.cpp" />
    <ClCompile Include="Mesh.cpp" />
    <ClCompile Include="MeshData.cpp" />
    <ClCompile Include="SimGraphics.cpp" />
    <ClCompile Include="ThreadPool.cpp" />
    <ClCompile Include="Timer.cpp" />
    <ClCompile Include="Viewer.cpp" />
    <ClCompile Include="RenderTime.cpp" />
    <ClCompile Include="imgui\imgui_demo.cpp">
      <Filter>imgui</Filter>
    </ClCompile>
    <ClCompile Include="imgui\imgui_draw.cpp">
      <Filter>imgui</Filter>
    </ClCompile>
    <ClCompile Include="imgui\imgui_impl_dx11.cpp">
      <Filter>imgui</Filter>
    </ClCompile>
    <ClCompile Include="imgui\imgui.cpp">
      <Filter>imgui</Filter>
    </ClCompile>
  </ItemGroup>
  <ItemGroup>
    <CustomBuild Include="simplegpusim.h" />
  </ItemGroup>
  <ItemGroup>
    <ClInclude Include="Color.h" />
    <ClInclude Include="Camera.h" />
    <ClInclude Include="MathHelper.h" />
    <ClInclude Include="Mesh.h" />
    <ClInclude Include="MeshData.h" />
    <ClInclude Include="SimGraphics.h" />
    <ClInclude Include="SimGraphicsDefs.h" />
    <ClInclude Include="ThreadPool.h" />
    <ClInclude Include="Timer.h" />
    <ClInclude Include="Viewer.h" />
    <ClInclude Include="RenderTime.h" />
    <ClInclude Include="imgui\imgui.h">
      <Filter>imgui</Filter>
    </ClInclude>
    <ClInclude Include="imgui\imgui_impl_dx11.h">
      <Filter>imgui</Filter>
    </ClInclude>
    <ClInclude Include="imgui\imgui_internal.h">
      <Filter>imgui</Filter>
    </ClInclude>
    <ClInclude Include="imgui\imconfig.h">
      <Filter>imgui</Filter>
    </ClInclude>
  </ItemGroup>
  <ItemGroup>
    <Text Include="SphereMesh.txt">
      <Filter>Examples</Filter>
    </Text>
    <Text Include="WolfMesh.txt">
      <Filter>Examples</Filter>
    </Text>
    <Text Include="example_sphere_multiple.txt">
      <Filter>Examples</Filter>
    </Text>
    <Text Include="example_sphere_single.txt">
      <Filter>Examples</Filter>
    </Text>
    <Text Include="example_wolf.txt">
      <Filter>Examples</Filter>
    </Text>
  </ItemGroup>
  <ItemGroup>
    <Natvis Include="imgui\misc\natvis\imgui.natvis">
      <Filter>imgui</Filter>
    </Natvis>
  </ItemGroup>
</Project>